
Microsoft Visual Studio Solution File, Format Version 12.00
# Visual Studio Version 17
VisualStudioVersion = 17.1.32228.430
MinimumVisualStudioVersion = 10.0.40219.1
Project("{2150E333-8FDC-42A3-9474-1A3956D46DE8}") = "Src", "Src", "{D72B73F8-389B-4BB9-A27C-B638F986F615}"
EndProject
Project("{2150E333-8FDC-42A3-9474-1A3956D46DE8}") = "Solution Items", "Solution Items", "{478ADE74-F981-4763-A6FD-335EE3419D61}"
EndProject
Project("{2150E333-8FDC-42A3-9474-1A3956D46DE8}") = "Tests", "Tests", "{D1553F49-505D-4118-8D60-1B3DD20C7B36}"
EndProject
Project("{2150E333-8FDC-42A3-9474-1A3956D46DE8}") = "Doc", "Doc", "{5963F390-309B-4E20-8883-162B2F42DB6D}"
EndProject
Project("{2150E333-8FDC-42A3-9474-1A3956D46DE8}") = "Application", "Application", "{4A62CCCA-5085-4099-8A63-8B8C31A37EE7}"
EndProject
Project("{2150E333-8FDC-42A3-9474-1A3956D46DE8}") = "Domain", "Domain", "{1E721415-4665-4B6F-A7ED-6F52DF54165A}"
EndProject
Project("{2150E333-8FDC-42A3-9474-1A3956D46DE8}") = "Infrastracture", "Infrastracture", "{51A4D08E-F450-4293-A5AF-1E01F004AD7C}"
EndProject
Project("{2150E333-8FDC-42A3-9474-1A3956D46DE8}") = "Presention", "Presention", "{63F716AB-AF09-4A88-96A3-9797493A173D}"
EndProject
Project("{9A19103F-16F7-4668-BE54-9A1E7A4F7556}") = "SuperKala.Application", "SuperKala.Application\SuperKala.Application.csproj", "{86A56C1A-DEC5-4367-BDD7-DB674BA0417D}"
EndProject
Project("{9A19103F-16F7-4668-BE54-9A1E7A4F7556}") = "SuperKala.Domain", "SuperKala.Domain\SuperKala.Domain.csproj", "{17798C76-D219-4C0E-BB42-347FEA1681DF}"
EndProject
Project("{9A19103F-16F7-4668-BE54-9A1E7A4F7556}") = "SuperKala.Infrastracture", "SuperKala.Infrastracture\SuperKala.Infrastracture.csproj", "{A40C5950-8C5D-49EF-A2A9-93901350C3F5}"
EndProject
Project("{2150E333-8FDC-42A3-9474-1A3956D46DE8}") = "Base", "Base", "{5C8267EA-D1B3-4E3B-B32C-414E40929267}"
EndProject
Project("{9A19103F-16F7-4668-BE54-9A1E7A4F7556}") = "SuperKala.Base", "SuperKala.Base\SuperKala.Base.csproj", "{A1AFBFE5-6BDA-4C16-AB79-B7C8752348A4}"
EndProject
Project("{9A19103F-16F7-4668-BE54-9A1E7A4F7556}") = "SuperKala.Query", "SuperKala.Query\SuperKala.Query.csproj", "{4872ED1A-4C3A-4A35-B931-874E902B5B1B}"
EndProject
Project("{9A19103F-16F7-4668-BE54-9A1E7A4F7556}") = "SuperKala.BaseFramework", "SuperKala.BaseFramework\SuperKala.BaseFramework.csproj", "{4B91079C-083D-4D17-A73A-7858C9776A5D}"
EndProject
Project("{FAE04EC0-301F-11D3-BF4B-00C04F79EFBC}") = "SuperKalaHost.EndPoint", "SuperKalaHost.EndPoint\SuperKalaHost.EndPoint.csproj", "{46F85CB7-A555-49BC-9220-58207FB8A8E2}"
EndProject
Global
	GlobalSection(SolutionConfigurationPlatforms) = preSolution
		Debug|Any CPU = Debug|Any CPU
		Release|Any CPU = Release|Any CPU
	EndGlobalSection
	GlobalSection(ProjectConfigurationPlatforms) = postSolution
		{86A56C1A-DEC5-4367-BDD7-DB674BA0417D}.Debug|Any CPU.ActiveCfg = Debug|Any CPU
		{86A56C1A-DEC5-4367-BDD7-DB674BA0417D}.Debug|Any CPU.Build.0 = Debug|Any CPU
		{86A56C1A-DEC5-4367-BDD7-DB674BA0417D}.Release|Any CPU.ActiveCfg = Release|Any CPU
		{86A56C1A-DEC5-4367-BDD7-DB674BA0417D}.Release|Any CPU.Build.0 = Release|Any CPU
		{17798C76-D219-4C0E-BB42-347FEA1681DF}.Debug|Any CPU.ActiveCfg = Debug|Any CPU
		{17798C76-D219-4C0E-BB42-347FEA1681DF}.Debug|Any CPU.Build.0 = Debug|Any CPU
		{17798C76-D219-4C0E-BB42-347FEA1681DF}.Release|Any CPU.ActiveCfg = Release|Any CPU
		{17798C76-D219-4C0E-BB42-347FEA1681DF}.Release|Any CPU.Build.0 = Release|Any CPU
		{A40C5950-8C5D-49EF-A2A9-93901350C3F5}.Debug|Any CPU.ActiveCfg = Debug|Any CPU
		{A40C5950-8C5D-49EF-A2A9-93901350C3F5}.Debug|Any CPU.Build.0 = Debug|Any CPU
		{A40C5950-8C5D-49EF-A2A9-93901350C3F5}.Release|Any CPU.ActiveCfg = Release|Any CPU
		{A40C5950-8C5D-49EF-A2A9-93901350C3F5}.Release|Any CPU.Build.0 = Release|Any CPU
		{A1AFBFE5-6BDA-4C16-AB79-B7C8752348A4}.Debug|Any CPU.ActiveCfg = Debug|Any CPU
		{A1AFBFE5-6BDA-4C16-AB79-B7C8752348A4}.Debug|Any CPU.Build.0 = Debug|Any CPU
		{A1AFBFE5-6BDA-4C16-AB79-B7C8752348A4}.Release|Any CPU.ActiveCfg = Release|Any CPU
		{A1AFBFE5-6BDA-4C16-AB79-B7C8752348A4}.Release|Any CPU.Build.0 = Release|Any CPU
		{4872ED1A-4C3A-4A35-B931-874E902B5B1B}.Debug|Any CPU.ActiveCfg = Debug|Any CPU
		{4872ED1A-4C3A-4A35-B931-874E902B5B1B}.Debug|Any CPU.Build.0 = Debug|Any CPU
		{4872ED1A-4C3A-4A35-B931-874E902B5B1B}.Release|Any CPU.ActiveCfg = Release|Any CPU
		{4872ED1A-4C3A-4A35-B931-874E902B5B1B}.Release|Any CPU.Build.0 = Release|Any CPU
		{4B91079C-083D-4D17-A73A-7858C9776A5D}.Debug|Any CPU.ActiveCfg = Debug|Any CPU
		{4B91079C-083D-4D17-A73A-7858C9776A5D}.Debug|Any CPU.Build.0 = Debug|Any CPU
		{4B91079C-083D-4D17-A73A-7858C9776A5D}.Release|Any CPU.ActiveCfg = Release|Any CPU
		{4B91079C-083D-4D17-A73A-7858C9776A5D}.Release|Any CPU.Build.0 = Release|Any CPU
		{46F85CB7-A555-49BC-9220-58207FB8A8E2}.Debug|Any CPU.ActiveCfg = Debug|Any CPU
		{46F85CB7-A555-49BC-9220-58207FB8A8E2}.Debug|Any CPU.Build.0 = Debug|Any CPU
		{46F85CB7-A555-49BC-9220-58207FB8A8E2}.Release|Any CPU.ActiveCfg = Release|Any CPU
		{46F85CB7-A555-49BC-9220-58207FB8A8E2}.Release|Any CPU.Build.0 = Release|Any CPU
	EndGlobalSection
	GlobalSection(SolutionProperties) = preSolution
		HideSolutionNode = FALSE
	EndGlobalSection
	GlobalSection(NestedProjects) = preSolution
		{4A62CCCA-5085-4099-8A63-8B8C31A37EE7} = {D72B73F8-389B-4BB9-A27C-B638F986F615}
		{1E721415-4665-4B6F-A7ED-6F52DF54165A} = {D72B73F8-389B-4BB9-A27C-B638F986F615}
		{51A4D08E-F450-4293-A5AF-1E01F004AD7C} = {D72B73F8-389B-4BB9-A27C-B638F986F615}
		{63F716AB-AF09-4A88-96A3-9797493A173D} = {D72B73F8-389B-4BB9-A27C-B638F986F615}
		{86A56C1A-DEC5-4367-BDD7-DB674BA0417D} = {4A62CCCA-5085-4099-8A63-8B8C31A37EE7}
		{17798C76-D219-4C0E-BB42-347FEA1681DF} = {1E721415-4665-4B6F-A7ED-6F52DF54165A}
		{A40C5950-8C5D-49EF-A2A9-93901350C3F5} = {51A4D08E-F450-4293-A5AF-1E01F004AD7C}
		{5C8267EA-D1B3-4E3B-B32C-414E40929267} = {D72B73F8-389B-4BB9-A27C-B638F986F615}
		{A1AFBFE5-6BDA-4C16-AB79-B7C8752348A4} = {5C8267EA-D1B3-4E3B-B32C-414E40929267}
		{4872ED1A-4C3A-4A35-B931-874E902B5B1B} = {5C8267EA-D1B3-4E3B-B32C-414E40929267}
		{4B91079C-083D-4D17-A73A-7858C9776A5D} = {5C8267EA-D1B3-4E3B-B32C-414E40929267}
		{46F85CB7-A555-49BC-9220-58207FB8A8E2} = {63F716AB-AF09-4A88-96A3-9797493A173D}
	EndGlobalSection
	GlobalSection(ExtensibilityGlobals) = postSolution
		SolutionGuid = {6C3FD89E-FFCB-4DA7-8616-EE33048238C7}
	EndGlobalSection
EndGlobal
